
Microsoft Visual Studio Solution File, Format Version 12.00
# Visual Studio 15
VisualStudioVersion = 15.0.28010.2046
MinimumVisualStudioVersion = 10.0.40219.1
Project("{FAE04EC0-301F-11D3-BF4B-00C04F79EFBC}") = "ShareOnLan", "ShareOnLan\ShareOnLan.csproj", "{23D0C4DE-000C-4D0B-80A6-37A680ACC908}"
EndProject
Global
	GlobalSection(SolutionConfigurationPlatforms) = preSolution
		Debug|Any CPU = Debug|Any CPU
		Release|Any CPU = Release|Any CPU
	EndGlobalSection
	GlobalSection(ProjectConfigurationPlatforms) = postSolution
		{23D0C4DE-000C-4D0B-80A6-37A680ACC908}.Debug|Any CPU.ActiveCfg = Debug|Any CPU
		{23D0C4DE-000C-4D0B-80A6-37A680ACC908}.Debug|Any CPU.Build.0 = Debug|Any CPU
		{23D0C4DE-000C-4D0B-80A6-37A680ACC908}.Release|Any CPU.ActiveCfg = Release|Any CPU
		{23D0C4DE-000C-4D0B-80A6-37A680ACC908}.Release|Any CPU.Build.0 = Release|Any CPU
	EndGlobalSection
	GlobalSection(SolutionProperties) = preSolution
		HideSolutionNode = FALSE
	EndGlobalSection
	GlobalSection(ExtensibilityGlobals) = postSolution
		SolutionGuid = {F16C3613-0FA6-4426-BED7-C66966C97FBC}
	EndGlobalSection
EndGlobal
